
Microsoft Visual Studio Solution File, Format Version 12.00
# Visual Studio 15
VisualStudioVersion = 15.0.28307.168
MinimumVisualStudioVersion = 10.0.40219.1
Project("{FAE04EC0-301F-11D3-BF4B-00C04F79EFBC}") = "Predictor", "Predictor\Predictor.csproj", "{92BD4BEE-005A-4656-AAE4-6ABDE2169203}"
EndProject
Global
	GlobalSection(SolutionConfigurationPlatforms) = preSolution
		Debug|Any CPU = Debug|Any CPU
		Release|Any CPU = Release|Any CPU
	EndGlobalSection
	GlobalSection(ProjectConfigurationPlatforms) = postSolution
		{92BD4BEE-005A-4656-AAE4-6ABDE2169203}.Debug|Any CPU.ActiveCfg = Debug|Any CPU
		{92BD4BEE-005A-4656-AAE4-6ABDE2169203}.Debug|Any CPU.Build.0 = Debug|Any CPU
		{92BD4BEE-005A-4656-AAE4-6ABDE2169203}.Release|Any CPU.ActiveCfg = Release|Any CPU
		{92BD4BEE-005A-4656-AAE4-6ABDE2169203}.Release|Any CPU.Build.0 = Release|Any CPU
	EndGlobalSection
	GlobalSection(SolutionProperties) = preSolution
		HideSolutionNode = FALSE
	EndGlobalSection
	GlobalSection(ExtensibilityGlobals) = postSolution
		SolutionGuid = {B5F88755-29EE-4FB6-9241-B32B21D47BDE}
	EndGlobalSection
EndGlobal
